// !$*UTF8*$!
{
	archiveVersion = 1;
	classes = {
	};
	objectVersion = 56;
	objects = {

/* Begin PBXBuildFile section */
		9520171F2B53A9A70022AF2B /* ServicesTogglesView.swift in Sources */ = {isa = PBXBuildFile; fileRef = 9520171E2B53A9A70022AF2B /* ServicesTogglesView.swift */; };
		952017222B53ADAF0022AF2B /* ServiceCommentView.swift in Sources */ = {isa = PBXBuildFile; fileRef = 952017212B53ADAF0022AF2B /* ServiceCommentView.swift */; };
		952017252B53D17C0022AF2B /* PlansRouter.swift in Sources */ = {isa = PBXBuildFile; fileRef = 952017242B53D17C0022AF2B /* PlansRouter.swift */; };
		952017272B542A650022AF2B /* SubscribesList.swift in Sources */ = {isa = PBXBuildFile; fileRef = 952017262B542A650022AF2B /* SubscribesList.swift */; };
		952017292B5433740022AF2B /* AnimationId.swift in Sources */ = {isa = PBXBuildFile; fileRef = 952017282B5433740022AF2B /* AnimationId.swift */; };
		952D24F22B51CC4300F083C6 /* Subscribe.swift in Sources */ = {isa = PBXBuildFile; fileRef = 952D24F12B51CC4300F083C6 /* Subscribe.swift */; };
		952D24F42B51CF8F00F083C6 /* Subscribes.json in Resources */ = {isa = PBXBuildFile; fileRef = 952D24F32B51CF8F00F083C6 /* Subscribes.json */; };
		952D24F62B5252B900F083C6 /* ReceiptPlanView.swift in Sources */ = {isa = PBXBuildFile; fileRef = 952D24F52B5252B900F083C6 /* ReceiptPlanView.swift */; };
		952D24F82B5252C600F083C6 /* PlanItem.swift in Sources */ = {isa = PBXBuildFile; fileRef = 952D24F72B5252C600F083C6 /* PlanItem.swift */; };
		952D24FB2B52532200F083C6 /* PlansView.swift in Sources */ = {isa = PBXBuildFile; fileRef = 952D24FA2B52532200F083C6 /* PlansView.swift */; };
		952D24FD2B5282FD00F083C6 /* Service.swift in Sources */ = {isa = PBXBuildFile; fileRef = 952D24FC2B5282FD00F083C6 /* Service.swift */; };
		952D24FF2B528A3900F083C6 /* CheckMarkToggleStyle.swift in Sources */ = {isa = PBXBuildFile; fileRef = 952D24FE2B528A3900F083C6 /* CheckMarkToggleStyle.swift */; };
		952D25032B52960400F083C6 /* AppGrid.swift in Sources */ = {isa = PBXBuildFile; fileRef = 952D25022B52960400F083C6 /* AppGrid.swift */; };
		952D25052B5297B100F083C6 /* FontExtension.swift in Sources */ = {isa = PBXBuildFile; fileRef = 952D25042B5297B100F083C6 /* FontExtension.swift */; };
		952D25072B529B7F00F083C6 /* AlignmentLabelStyle.swift in Sources */ = {isa = PBXBuildFile; fileRef = 952D25062B529B7F00F083C6 /* AlignmentLabelStyle.swift */; };
		952D25092B52B12C00F083C6 /* AppButtonStyle.swift in Sources */ = {isa = PBXBuildFile; fileRef = 952D25082B52B12C00F083C6 /* AppButtonStyle.swift */; };
		952D250D2B52B89D00F083C6 /* CurrencyFormatter.swift in Sources */ = {isa = PBXBuildFile; fileRef = 952D250C2B52B89D00F083C6 /* CurrencyFormatter.swift */; };
		952D250F2B52DA1F00F083C6 /* PlansViewModel.swift in Sources */ = {isa = PBXBuildFile; fileRef = 952D250E2B52DA1F00F083C6 /* PlansViewModel.swift */; };
		952D25112B52DBE600F083C6 /* PlansError.swift in Sources */ = {isa = PBXBuildFile; fileRef = 952D25102B52DBE600F083C6 /* PlansError.swift */; };
		952D25132B52E4EF00F083C6 /* PlanSubscribe.swift in Sources */ = {isa = PBXBuildFile; fileRef = 952D25122B52E4EF00F083C6 /* PlanSubscribe.swift */; };
		952D25192B52FBD900F083C6 /* PlanItemDetail.swift in Sources */ = {isa = PBXBuildFile; fileRef = 952D25182B52FBD900F083C6 /* PlanItemDetail.swift */; };
		952D251F2B53147500F083C6 /* AnimationExtension.swift in Sources */ = {isa = PBXBuildFile; fileRef = 952D251E2B53147500F083C6 /* AnimationExtension.swift */; };
		957086122B51BD4900D6A16E /* CompanyPlansApp.swift in Sources */ = {isa = PBXBuildFile; fileRef = 957086112B51BD4900D6A16E /* CompanyPlansApp.swift */; };
		957086142B51BD4900D6A16E /* ContentView.swift in Sources */ = {isa = PBXBuildFile; fileRef = 957086132B51BD4900D6A16E /* ContentView.swift */; };
		957086162B51BD4A00D6A16E /* Assets.xcassets in Resources */ = {isa = PBXBuildFile; fileRef = 957086152B51BD4A00D6A16E /* Assets.xcassets */; };
		957086192B51BD4A00D6A16E /* Preview Assets.xcassets in Resources */ = {isa = PBXBuildFile; fileRef = 957086182B51BD4A00D6A16E /* Preview Assets.xcassets */; };
/* End PBXBuildFile section */

/* Begin PBXFileReference section */
		9520171E2B53A9A70022AF2B /* ServicesTogglesView.swift */ = {isa = PBXFileReference; lastKnownFileType = sourcecode.swift; path = ServicesTogglesView.swift; sourceTree = "<group>"; };
		952017212B53ADAF0022AF2B /* ServiceCommentView.swift */ = {isa = PBXFileReference; lastKnownFileType = sourcecode.swift; path = ServiceCommentView.swift; sourceTree = "<group>"; };
		952017242B53D17C0022AF2B /* PlansRouter.swift */ = {isa = PBXFileReference; lastKnownFileType = sourcecode.swift; path = PlansRouter.swift; sourceTree = "<group>"; };
		952017262B542A650022AF2B /* SubscribesList.swift */ = {isa = PBXFileReference; lastKnownFileType = sourcecode.swift; path = SubscribesList.swift; sourceTree = "<group>"; };
		952017282B5433740022AF2B /* AnimationId.swift */ = {isa = PBXFileReference; lastKnownFileType = sourcecode.swift; path = AnimationId.swift; sourceTree = "<group>"; };
		952D24F12B51CC4300F083C6 /* Subscribe.swift */ = {isa = PBXFileReference; lastKnownFileType = sourcecode.swift; path = Subscribe.swift; sourceTree = "<group>"; };
		952D24F32B51CF8F00F083C6 /* Subscribes.json */ = {isa = PBXFileReference; lastKnownFileType = text.json; path = Subscribes.json; sourceTree = "<group>"; };
		952D24F52B5252B900F083C6 /* ReceiptPlanView.swift */ = {isa = PBXFileReference; lastKnownFileType = sourcecode.swift; path = ReceiptPlanView.swift; sourceTree = "<group>"; };
		952D24F72B5252C600F083C6 /* PlanItem.swift */ = {isa = PBXFileReference; lastKnownFileType = sourcecode.swift; path = PlanItem.swift; sourceTree = "<group>"; };
		952D24FA2B52532200F083C6 /* PlansView.swift */ = {isa = PBXFileReference; lastKnownFileType = sourcecode.swift; path = PlansView.swift; sourceTree = "<group>"; };
		952D24FC2B5282FD00F083C6 /* Service.swift */ = {isa = PBXFileReference; lastKnownFileType = sourcecode.swift; path = Service.swift; sourceTree = "<group>"; };
		952D24FE2B528A3900F083C6 /* CheckMarkToggleStyle.swift */ = {isa = PBXFileReference; lastKnownFileType = sourcecode.swift; path = CheckMarkToggleStyle.swift; sourceTree = "<group>"; };
		952D25022B52960400F083C6 /* AppGrid.swift */ = {isa = PBXFileReference; lastKnownFileType = sourcecode.swift; path = AppGrid.swift; sourceTree = "<group>"; };
		952D25042B5297B100F083C6 /* FontExtension.swift */ = {isa = PBXFileReference; lastKnownFileType = sourcecode.swift; path = FontExtension.swift; sourceTree = "<group>"; };
		952D25062B529B7F00F083C6 /* AlignmentLabelStyle.swift */ = {isa = PBXFileReference; lastKnownFileType = sourcecode.swift; path = AlignmentLabelStyle.swift; sourceTree = "<group>"; };
		952D25082B52B12C00F083C6 /* AppButtonStyle.swift */ = {isa = PBXFileReference; lastKnownFileType = sourcecode.swift; path = AppButtonStyle.swift; sourceTree = "<group>"; };
		952D250C2B52B89D00F083C6 /* CurrencyFormatter.swift */ = {isa = PBXFileReference; lastKnownFileType = sourcecode.swift; path = CurrencyFormatter.swift; sourceTree = "<group>"; };
		952D250E2B52DA1F00F083C6 /* PlansViewModel.swift */ = {isa = PBXFileReference; lastKnownFileType = sourcecode.swift; path = PlansViewModel.swift; sourceTree = "<group>"; };
		952D25102B52DBE600F083C6 /* PlansError.swift */ = {isa = PBXFileReference; lastKnownFileType = sourcecode.swift; path = PlansError.swift; sourceTree = "<group>"; };
		952D25122B52E4EF00F083C6 /* PlanSubscribe.swift */ = {isa = PBXFileReference; lastKnownFileType = sourcecode.swift; path = PlanSubscribe.swift; sourceTree = "<group>"; };
		952D25182B52FBD900F083C6 /* PlanItemDetail.swift */ = {isa = PBXFileReference; lastKnownFileType = sourcecode.swift; path = PlanItemDetail.swift; sourceTree = "<group>"; };
		952D251E2B53147500F083C6 /* AnimationExtension.swift */ = {isa = PBXFileReference; lastKnownFileType = sourcecode.swift; path = AnimationExtension.swift; sourceTree = "<group>"; };
		9570860E2B51BD4900D6A16E /* CompanyPlans.app */ = {isa = PBXFileReference; explicitFileType = wrapper.application; includeInIndex = 0; path = CompanyPlans.app; sourceTree = BUILT_PRODUCTS_DIR; };
		957086112B51BD4900D6A16E /* CompanyPlansApp.swift */ = {isa = PBXFileReference; lastKnownFileType = sourcecode.swift; path = CompanyPlansApp.swift; sourceTree = "<group>"; };
		957086132B51BD4900D6A16E /* ContentView.swift */ = {isa = PBXFileReference; lastKnownFileType = sourcecode.swift; path = ContentView.swift; sourceTree = "<group>"; };
		957086152B51BD4A00D6A16E /* Assets.xcassets */ = {isa = PBXFileReference; lastKnownFileType = folder.assetcatalog; path = Assets.xcassets; sourceTree = "<group>"; };
		957086182B51BD4A00D6A16E /* Preview Assets.xcassets */ = {isa = PBXFileReference; lastKnownFileType = folder.assetcatalog; path = "Preview Assets.xcassets"; sourceTree = "<group>"; };
/* End PBXFileReference section */

/* Begin PBXFrameworksBuildPhase section */
		9570860B2B51BD4900D6A16E /* Frameworks */ = {
			isa = PBXFrameworksBuildPhase;
			buildActionMask = 2147483647;
			files = (
			);
			runOnlyForDeploymentPostprocessing = 0;
		};
/* End PBXFrameworksBuildPhase section */

/* Begin PBXGroup section */
		952017202B53AAB90022AF2B /* Subview */ = {
			isa = PBXGroup;
			children = (
				9520171E2B53A9A70022AF2B /* ServicesTogglesView.swift */,
				952017212B53ADAF0022AF2B /* ServiceCommentView.swift */,
			);
			path = Subview;
			sourceTree = "<group>";
		};
		952017232B53D16F0022AF2B /* Router */ = {
			isa = PBXGroup;
			children = (
				952017242B53D17C0022AF2B /* PlansRouter.swift */,
			);
			path = Router;
			sourceTree = "<group>";
		};
		952D24F02B51CBEA00F083C6 /* Entity */ = {
			isa = PBXGroup;
			children = (
				952D24F12B51CC4300F083C6 /* Subscribe.swift */,
				952D25122B52E4EF00F083C6 /* PlanSubscribe.swift */,
				952D24FC2B5282FD00F083C6 /* Service.swift */,
				952D25102B52DBE600F083C6 /* PlansError.swift */,
				952017282B5433740022AF2B /* AnimationId.swift */,
			);
			path = Entity;
			sourceTree = "<group>";
		};
		952D24F92B5252D100F083C6 /* Plans */ = {
			isa = PBXGroup;
			children = (
				952017232B53D16F0022AF2B /* Router */,
				952D25162B52FBA300F083C6 /* View */,
				952D25172B52FBB500F083C6 /* Model */,
			);
			path = Plans;
			sourceTree = "<group>";
		};
		952D25002B528DC500F083C6 /* Styles */ = {
			isa = PBXGroup;
			children = (
				952D24FE2B528A3900F083C6 /* CheckMarkToggleStyle.swift */,
				952D25062B529B7F00F083C6 /* AlignmentLabelStyle.swift */,
				952D25082B52B12C00F083C6 /* AppButtonStyle.swift */,
				952D25042B5297B100F083C6 /* FontExtension.swift */,
				952D251E2B53147500F083C6 /* AnimationExtension.swift */,
			);
			path = Styles;
			sourceTree = "<group>";
		};
		952D25012B5295F600F083C6 /* Constants */ = {
			isa = PBXGroup;
			children = (
				952D250B2B52B88D00F083C6 /* AppFormatters */,
				952D25022B52960400F083C6 /* AppGrid.swift */,
			);
			path = Constants;
			sourceTree = "<group>";
		};
		952D250B2B52B88D00F083C6 /* AppFormatters */ = {
			isa = PBXGroup;
			children = (
				952D250C2B52B89D00F083C6 /* CurrencyFormatter.swift */,
			);
			path = AppFormatters;
			sourceTree = "<group>";
		};
		952D25152B52FB8A00F083C6 /* Flow */ = {
			isa = PBXGroup;
			children = (
				952D24F92B5252D100F083C6 /* Plans */,
			);
			path = Flow;
			sourceTree = "<group>";
		};
		952D25162B52FBA300F083C6 /* View */ = {
			isa = PBXGroup;
			children = (
				952D24FA2B52532200F083C6 /* PlansView.swift */,
				952D24F72B5252C600F083C6 /* PlanItem.swift */,
				952D25182B52FBD900F083C6 /* PlanItemDetail.swift */,
				952D24F52B5252B900F083C6 /* ReceiptPlanView.swift */,
				952017202B53AAB90022AF2B /* Subview */,
			);
			path = View;
			sourceTree = "<group>";
		};
		952D25172B52FBB500F083C6 /* Model */ = {
			isa = PBXGroup;
			children = (
				952D250E2B52DA1F00F083C6 /* PlansViewModel.swift */,
				952017262B542A650022AF2B /* SubscribesList.swift */,
			);
			path = Model;
			sourceTree = "<group>";
		};
		957086052B51BD4900D6A16E = {
			isa = PBXGroup;
			children = (
				957086102B51BD4900D6A16E /* CompanyPlans */,
				9570860F2B51BD4900D6A16E /* Products */,
			);
			sourceTree = "<group>";
		};
		9570860F2B51BD4900D6A16E /* Products */ = {
			isa = PBXGroup;
			children = (
				9570860E2B51BD4900D6A16E /* CompanyPlans.app */,
			);
			name = Products;
			sourceTree = "<group>";
		};
		957086102B51BD4900D6A16E /* CompanyPlans */ = {
			isa = PBXGroup;
			children = (
				957086112B51BD4900D6A16E /* CompanyPlansApp.swift */,
				957086132B51BD4900D6A16E /* ContentView.swift */,
				952D25152B52FB8A00F083C6 /* Flow */,
				952D24F02B51CBEA00F083C6 /* Entity */,
				952D25002B528DC500F083C6 /* Styles */,
				952D25012B5295F600F083C6 /* Constants */,
				957086152B51BD4A00D6A16E /* Assets.xcassets */,
				952D24F32B51CF8F00F083C6 /* Subscribes.json */,
				957086172B51BD4A00D6A16E /* Preview Content */,
			);
			path = CompanyPlans;
			sourceTree = "<group>";
		};
		957086172B51BD4A00D6A16E /* Preview Content */ = {
			isa = PBXGroup;
			children = (
				957086182B51BD4A00D6A16E /* Preview Assets.xcassets */,
			);
			path = "Preview Content";
			sourceTree = "<group>";
		};
/* End PBXGroup section */

/* Begin PBXNativeTarget section */
		9570860D2B51BD4900D6A16E /* CompanyPlans */ = {
			isa = PBXNativeTarget;
			buildConfigurationList = 9570861C2B51BD4A00D6A16E /* Build configuration list for PBXNativeTarget "CompanyPlans" */;
			buildPhases = (
				9570860A2B51BD4900D6A16E /* Sources */,
				9570860B2B51BD4900D6A16E /* Frameworks */,
				9570860C2B51BD4900D6A16E /* Resources */,
			);
			buildRules = (
			);
			dependencies = (
			);
			name = CompanyPlans;
			productName = CompanyPlans;
			productReference = 9570860E2B51BD4900D6A16E /* CompanyPlans.app */;
			productType = "com.apple.product-type.application";
		};
/* End PBXNativeTarget section */

/* Begin PBXProject section */
		957086062B51BD4900D6A16E /* Project object */ = {
			isa = PBXProject;
			attributes = {
				BuildIndependentTargetsInParallel = 1;
				LastSwiftUpdateCheck = 1510;
				LastUpgradeCheck = 1510;
				TargetAttributes = {
					9570860D2B51BD4900D6A16E = {
						CreatedOnToolsVersion = 15.1;
					};
				};
			};
			buildConfigurationList = 957086092B51BD4900D6A16E /* Build configuration list for PBXProject "CompanyPlans" */;
			compatibilityVersion = "Xcode 14.0";
			developmentRegion = en;
			hasScannedForEncodings = 0;
			knownRegions = (
				en,
				Base,
			);
			mainGroup = 957086052B51BD4900D6A16E;
			productRefGroup = 9570860F2B51BD4900D6A16E /* Products */;
			projectDirPath = "";
			projectRoot = "";
			targets = (
				9570860D2B51BD4900D6A16E /* CompanyPlans */,
			);
		};
/* End PBXProject section */

/* Begin PBXResourcesBuildPhase section */
		9570860C2B51BD4900D6A16E /* Resources */ = {
			isa = PBXResourcesBuildPhase;
			buildActionMask = 2147483647;
			files = (
				957086192B51BD4A00D6A16E /* Preview Assets.xcassets in Resources */,
				957086162B51BD4A00D6A16E /* Assets.xcassets in Resources */,
				952D24F42B51CF8F00F083C6 /* Subscribes.json in Resources */,
			);
			runOnlyForDeploymentPostprocessing = 0;
		};
/* End PBXResourcesBuildPhase section */

/* Begin PBXSourcesBuildPhase section */
		9570860A2B51BD4900D6A16E /* Sources */ = {
			isa = PBXSourcesBuildPhase;
			buildActionMask = 2147483647;
			files = (
				952D251F2B53147500F083C6 /* AnimationExtension.swift in Sources */,
				952D25052B5297B100F083C6 /* FontExtension.swift in Sources */,
				952D25072B529B7F00F083C6 /* AlignmentLabelStyle.swift in Sources */,
				952017252B53D17C0022AF2B /* PlansRouter.swift in Sources */,
				952D24F22B51CC4300F083C6 /* Subscribe.swift in Sources */,
				9520171F2B53A9A70022AF2B /* ServicesTogglesView.swift in Sources */,
				952D24FD2B5282FD00F083C6 /* Service.swift in Sources */,
				957086142B51BD4900D6A16E /* ContentView.swift in Sources */,
				952D24FF2B528A3900F083C6 /* CheckMarkToggleStyle.swift in Sources */,
				952D250D2B52B89D00F083C6 /* CurrencyFormatter.swift in Sources */,
				952D25032B52960400F083C6 /* AppGrid.swift in Sources */,
				952D24F82B5252C600F083C6 /* PlanItem.swift in Sources */,
				952D250F2B52DA1F00F083C6 /* PlansViewModel.swift in Sources */,
				952D24FB2B52532200F083C6 /* PlansView.swift in Sources */,
				952D25192B52FBD900F083C6 /* PlanItemDetail.swift in Sources */,
				952017272B542A650022AF2B /* SubscribesList.swift in Sources */,
				952017292B5433740022AF2B /* AnimationId.swift in Sources */,
				952D25132B52E4EF00F083C6 /* PlanSubscribe.swift in Sources */,
				952D25092B52B12C00F083C6 /* AppButtonStyle.swift in Sources */,
				952D25112B52DBE600F083C6 /* PlansError.swift in Sources */,
				952017222B53ADAF0022AF2B /* ServiceCommentView.swift in Sources */,
				952D24F62B5252B900F083C6 /* ReceiptPlanView.swift in Sources */,
				957086122B51BD4900D6A16E /* CompanyPlansApp.swift in Sources */,
			);
			runOnlyForDeploymentPostprocessing = 0;
		};
/* End PBXSourcesBuildPhase section */

/* Begin XCBuildConfiguration section */
		9570861A2B51BD4A00D6A16E /* Debug */ = {
			isa = XCBuildConfiguration;
			buildSettings = {
				ALWAYS_SEARCH_USER_PATHS = NO;
				ASSETCATALOG_COMPILER_GENERATE_SWIFT_ASSET_SYMBOL_EXTENSIONS = YES;
				CLANG_ANALYZER_NONNULL = YES;
				CLANG_ANALYZER_NUMBER_OBJECT_CONVERSION = YES_AGGRESSIVE;
				CLANG_CXX_LANGUAGE_STANDARD = "gnu++20";
				CLANG_ENABLE_MODULES = YES;
				CLANG_ENABLE_OBJC_ARC = YES;
				CLANG_ENABLE_OBJC_WEAK = YES;
				CLANG_WARN_BLOCK_CAPTURE_AUTORELEASING = YES;
				CLANG_WARN_BOOL_CONVERSION = YES;
				CLANG_WARN_COMMA = YES;
				CLANG_WARN_CONSTANT_CONVERSION = YES;
				CLANG_WARN_DEPRECATED_OBJC_IMPLEMENTATIONS = YES;
				CLANG_WARN_DIRECT_OBJC_ISA_USAGE = YES_ERROR;
				CLANG_WARN_DOCUMENTATION_COMMENTS = YES;
				CLANG_WARN_EMPTY_BODY = YES;
				CLANG_WARN_ENUM_CONVERSION = YES;
				CLANG_WARN_INFINITE_RECURSION = YES;
				CLANG_WARN_INT_CONVERSION = YES;
				CLANG_WARN_NON_LITERAL_NULL_CONVERSION = YES;
				CLANG_WARN_OBJC_IMPLICIT_RETAIN_SELF = YES;
				CLANG_WARN_OBJC_LITERAL_CONVERSION = YES;
				CLANG_WARN_OBJC_ROOT_CLASS = YES_ERROR;
				CLANG_WARN_QUOTED_INCLUDE_IN_FRAMEWORK_HEADER = YES;
				CLANG_WARN_RANGE_LOOP_ANALYSIS = YES;
				CLANG_WARN_STRICT_PROTOTYPES = YES;
				CLANG_WARN_SUSPICIOUS_MOVE = YES;
				CLANG_WARN_UNGUARDED_AVAILABILITY = YES_AGGRESSIVE;
				CLANG_WARN_UNREACHABLE_CODE = YES;
				CLANG_WARN__DUPLICATE_METHOD_MATCH = YES;
				COPY_PHASE_STRIP = NO;
				DEBUG_INFORMATION_FORMAT = dwarf;
				ENABLE_STRICT_OBJC_MSGSEND = YES;
				ENABLE_TESTABILITY = YES;
				ENABLE_USER_SCRIPT_SANDBOXING = YES;
				GCC_C_LANGUAGE_STANDARD = gnu17;
				GCC_DYNAMIC_NO_PIC = NO;
				GCC_NO_COMMON_BLOCKS = YES;
				GCC_OPTIMIZATION_LEVEL = 0;
				GCC_PREPROCESSOR_DEFINITIONS = (
					"DEBUG=1",
					"$(inherited)",
				);
				GCC_WARN_64_TO_32_BIT_CONVERSION = YES;
				GCC_WARN_ABOUT_RETURN_TYPE = YES_ERROR;
				GCC_WARN_UNDECLARED_SELECTOR = YES;
				GCC_WARN_UNINITIALIZED_AUTOS = YES_AGGRESSIVE;
				GCC_WARN_UNUSED_FUNCTION = YES;
				GCC_WARN_UNUSED_VARIABLE = YES;
				IPHONEOS_DEPLOYMENT_TARGET = 17.2;
				LOCALIZATION_PREFERS_STRING_CATALOGS = YES;
				MTL_ENABLE_DEBUG_INFO = INCLUDE_SOURCE;
				MTL_FAST_MATH = YES;
				ONLY_ACTIVE_ARCH = YES;
				SDKROOT = iphoneos;
				SWIFT_ACTIVE_COMPILATION_CONDITIONS = "DEBUG $(inherited)";
				SWIFT_OPTIMIZATION_LEVEL = "-Onone";
			};
			name = Debug;
		};
		9570861B2B51BD4A00D6A16E /* Release */ = {
			isa = XCBuildConfiguration;
			buildSettings = {
				ALWAYS_SEARCH_USER_PATHS = NO;
				ASSETCATALOG_COMPILER_GENERATE_SWIFT_ASSET_SYMBOL_EXTENSIONS = YES;
				CLANG_ANALYZER_NONNULL = YES;
				CLANG_ANALYZER_NUMBER_OBJECT_CONVERSION = YES_AGGRESSIVE;
				CLANG_CXX_LANGUAGE_STANDARD = "gnu++20";
				CLANG_ENABLE_MODULES = YES;
				CLANG_ENABLE_OBJC_ARC = YES;
				CLANG_ENABLE_OBJC_WEAK = YES;
				CLANG_WARN_BLOCK_CAPTURE_AUTORELEASING = YES;
				CLANG_WARN_BOOL_CONVERSION = YES;
				CLANG_WARN_COMMA = YES;
				CLANG_WARN_CONSTANT_CONVERSION = YES;
				CLANG_WARN_DEPRECATED_OBJC_IMPLEMENTATIONS = YES;
				CLANG_WARN_DIRECT_OBJC_ISA_USAGE = YES_ERROR;
				CLANG_WARN_DOCUMENTATION_COMMENTS = YES;
				CLANG_WARN_EMPTY_BODY = YES;
				CLANG_WARN_ENUM_CONVERSION = YES;
				CLANG_WARN_INFINITE_RECURSION = YES;
				CLANG_WARN_INT_CONVERSION = YES;
				CLANG_WARN_NON_LITERAL_NULL_CONVERSION = YES;
				CLANG_WARN_OBJC_IMPLICIT_RETAIN_SELF = YES;
				CLANG_WARN_OBJC_LITERAL_CONVERSION = YES;
				CLANG_WARN_OBJC_ROOT_CLASS = YES_ERROR;
				CLANG_WARN_QUOTED_INCLUDE_IN_FRAMEWORK_HEADER = YES;
				CLANG_WARN_RANGE_LOOP_ANALYSIS = YES;
				CLANG_WARN_STRICT_PROTOTYPES = YES;
				CLANG_WARN_SUSPICIOUS_MOVE = YES;
				CLANG_WARN_UNGUARDED_AVAILABILITY = YES_AGGRESSIVE;
				CLANG_WARN_UNREACHABLE_CODE = YES;
				CLANG_WARN__DUPLICATE_METHOD_MATCH = YES;
				COPY_PHASE_STRIP = NO;
				DEBUG_INFORMATION_FORMAT = "dwarf-with-dsym";
				ENABLE_NS_ASSERTIONS = NO;
				ENABLE_STRICT_OBJC_MSGSEND = YES;
				ENABLE_USER_SCRIPT_SANDBOXING = YES;
				GCC_C_LANGUAGE_STANDARD = gnu17;
				GCC_NO_COMMON_BLOCKS = YES;
				GCC_WARN_64_TO_32_BIT_CONVERSION = YES;
				GCC_WARN_ABOUT_RETURN_TYPE = YES_ERROR;
				GCC_WARN_UNDECLARED_SELECTOR = YES;
				GCC_WARN_UNINITIALIZED_AUTOS = YES_AGGRESSIVE;
				GCC_WARN_UNUSED_FUNCTION = YES;
				GCC_WARN_UNUSED_VARIABLE = YES;
				IPHONEOS_DEPLOYMENT_TARGET = 17.2;
				LOCALIZATION_PREFERS_STRING_CATALOGS = YES;
				MTL_ENABLE_DEBUG_INFO = NO;
				MTL_FAST_MATH = YES;
				SDKROOT = iphoneos;
				SWIFT_COMPILATION_MODE = wholemodule;
				VALIDATE_PRODUCT = YES;
			};
			name = Release;
		};
		9570861D2B51BD4A00D6A16E /* Debug */ = {
			isa = XCBuildConfiguration;
			buildSettings = {
				ASSETCATALOG_COMPILER_APPICON_NAME = AppIcon;
				ASSETCATALOG_COMPILER_GLOBAL_ACCENT_COLOR_NAME = AccentColor;
				CODE_SIGN_STYLE = Automatic;
				CURRENT_PROJECT_VERSION = 1;
				DEVELOPMENT_ASSET_PATHS = "\"CompanyPlans/Preview Content\"";
				DEVELOPMENT_TEAM = TNTX3799P3;
				ENABLE_PREVIEWS = YES;
				GENERATE_INFOPLIST_FILE = YES;
				INFOPLIST_KEY_UIApplicationSceneManifest_Generation = YES;
				INFOPLIST_KEY_UIApplicationSupportsIndirectInputEvents = YES;
				INFOPLIST_KEY_UILaunchScreen_Generation = YES;
				INFOPLIST_KEY_UISupportedInterfaceOrientations_iPad = "UIInterfaceOrientationPortrait UIInterfaceOrientationPortraitUpsideDown UIInterfaceOrientationLandscapeLeft UIInterfaceOrientationLandscapeRight";
				INFOPLIST_KEY_UISupportedInterfaceOrientations_iPhone = "UIInterfaceOrientationPortrait UIInterfaceOrientationLandscapeLeft UIInterfaceOrientationLandscapeRight";
				IPHONEOS_DEPLOYMENT_TARGET = 16.0;
				LD_RUNPATH_SEARCH_PATHS = (
					"$(inherited)",
					"@executable_path/Frameworks",
				);
				MARKETING_VERSION = 1.0;
				PRODUCT_BUNDLE_IDENTIFIER = DenisDmitriev.CompanyPlans;
				PRODUCT_NAME = "$(TARGET_NAME)";
				SUPPORTED_PLATFORMS = "iphoneos iphonesimulator";
				SUPPORTS_MACCATALYST = NO;
				SUPPORTS_MAC_DESIGNED_FOR_IPHONE_IPAD = NO;
				SWIFT_EMIT_LOC_STRINGS = YES;
				SWIFT_VERSION = 5.0;
				TARGETED_DEVICE_FAMILY = 1;
			};
			name = Debug;
		};
		9570861E2B51BD4A00D6A16E /* Release */ = {
			isa = XCBuildConfiguration;
			buildSettings = {
				ASSETCATALOG_COMPILER_APPICON_NAME = AppIcon;
				ASSETCATALOG_COMPILER_GLOBAL_ACCENT_COLOR_NAME = AccentColor;
				CODE_SIGN_STYLE = Automatic;
				CURRENT_PROJECT_VERSION = 1;
				DEVELOPMENT_ASSET_PATHS = "\"CompanyPlans/Preview Content\"";
				DEVELOPMENT_TEAM = TNTX3799P3;
				ENABLE_PREVIEWS = YES;
				GENERATE_INFOPLIST_FILE = YES;
				INFOPLIST_KEY_UIApplicationSceneManifest_Generation = YES;
				INFOPLIST_KEY_UIApplicationSupportsIndirectInputEvents = YES;
				INFOPLIST_KEY_UILaunchScreen_Generation = YES;
				INFOPLIST_KEY_UISupportedInterfaceOrientations_iPad = "UIInterfaceOrientationPortrait UIInterfaceOrientationPortraitUpsideDown UIInterfaceOrientationLandscapeLeft UIInterfaceOrientationLandscapeRight";
				INFOPLIST_KEY_UISupportedInterfaceOrientations_iPhone = "UIInterfaceOrientationPortrait UIInterfaceOrientationLandscapeLeft UIInterfaceOrientationLandscapeRight";
				IPHONEOS_DEPLOYMENT_TARGET = 16.0;
				LD_RUNPATH_SEARCH_PATHS = (
					"$(inherited)",
					"@executable_path/Frameworks",
				);
				MARKETING_VERSION = 1.0;
				PRODUCT_BUNDLE_IDENTIFIER = DenisDmitriev.CompanyPlans;
				PRODUCT_NAME = "$(TARGET_NAME)";
				SUPPORTED_PLATFORMS = "iphoneos iphonesimulator";
				SUPPORTS_MACCATALYST = NO;
				SUPPORTS_MAC_DESIGNED_FOR_IPHONE_IPAD = NO;
				SWIFT_EMIT_LOC_STRINGS = YES;
				SWIFT_VERSION = 5.0;
				TARGETED_DEVICE_FAMILY = 1;
			};
			name = Release;
		};
/* End XCBuildConfiguration section */

/* Begin XCConfigurationList section */
		957086092B51BD4900D6A16E /* Build configuration list for PBXProject "CompanyPlans" */ = {
			isa = XCConfigurationList;
			buildConfigurations = (
				9570861A2B51BD4A00D6A16E /* Debug */,
				9570861B2B51BD4A00D6A16E /* Release */,
			);
			defaultConfigurationIsVisible = 0;
			defaultConfigurationName = Release;
		};
		9570861C2B51BD4A00D6A16E /* Build configuration list for PBXNativeTarget "CompanyPlans" */ = {
			isa = XCConfigurationList;
			buildConfigurations = (
				9570861D2B51BD4A00D6A16E /* Debug */,
				9570861E2B51BD4A00D6A16E /* Release */,
			);
			defaultConfigurationIsVisible = 0;
			defaultConfigurationName = Release;
		};
/* End XCConfigurationList section */
	};
	rootObject = 957086062B51BD4900D6A16E /* Project object */;
}
